{
  "name": "planforge-quickjs-runner",
  "version": "0.1.0",
  "lockfileVersion": 3,
  "requires": true,
  "packages": {
    "": {
      "name": "planforge-quickjs-runner",
      "version": "0.1.0",
      "license": "MIT",
      "dependencies": {
        "quickjs-emscripten": "^0.31.0"
      }
    },
    "node_modules/@jitl/quickjs-ffi-types": {
      "version": "0.31.0",
      "resolved": "https://registry.npmjs.org/@jitl/quickjs-ffi-types/-/quickjs-ffi-types-0.31.0.tgz",
      "integrity": "sha512-1yrgvXlmXH2oNj3eFTrkwacGJbmM0crwipA3ohCrjv52gBeDaD7PsTvFYinlAnqU8iPME3LGP437yk05a2oejw==",
      "license": "MIT"
    },
    "node_modules/@jitl/quickjs-wasmfile-debug-asyncify": {
      "version": "0.31.0",
      "resolved": "https://registry.npmjs.org/@jitl/quickjs-wasmfile-debug-asyncify/-/quickjs-wasmfile-debug-asyncify-0.31.0.tgz",
      "integrity": "sha512-YkdzQdr1uaftFhgEnTRjTTZHk2SFZdpWO7XhOmRVbi6CEVsH9g5oNF8Ta1q3OuSJHRwwT8YsuR1YzEiEIJEk6w==",
      "license": "MIT",
      "dependencies": {
        "@jitl/quickjs-ffi-types": "0.31.0"
      }
    },
    "node_modules/@jitl/quickjs-wasmfile-debug-sync": {
      "version": "0.31.0",
      "resolved": "https://registry.npmjs.org/@jitl/quickjs-wasmfile-debug-sync/-/quickjs-wasmfile-debug-sync-0.31.0.tgz",
      "integrity": "sha512-8XvloaaWBONqcHXYs5tWOjdhQVxzULilIfB2hvZfS6S+fI4m2+lFiwQy7xeP8ExHmiZ7D8gZGChNkdLgjGfknw==",
      "license": "MIT",
      "dependencies": {
        "@jitl/quickjs-ffi-types": "0.31.0"
      }
    },
    "node_modules/@jitl/quickjs-wasmfile-release-asyncify": {
      "version": "0.31.0",
      "resolved": "https://registry.npmjs.org/@jitl/quickjs-wasmfile-release-asyncify/-/quickjs-wasmfile-release-asyncify-0.31.0.tgz",
      "integrity": "sha512-uz0BbQYTxNsFkvkurd7vk2dOg57ElTBLCuvNtRl4rgrtbC++NIndD5qv2+AXb6yXDD3Uy1O2PCwmoaH0eXgEOg==",
      "license": "MIT",
      "dependencies": {
        "@jitl/quickjs-ffi-types": "0.31.0"
      }
    },
    "node_modules/@jitl/quickjs-wasmfile-release-sync": {
      "version": "0.31.0",
      "resolved": "https://registry.npmjs.org/@jitl/quickjs-wasmfile-release-sync/-/quickjs-wasmfile-release-sync-0.31.0.tgz",
      "integrity": "sha512-hYduecOByj9AsAfsJhZh5nA6exokmuFC8cls39+lYmTCGY51bgjJJJwReEu7Ff7vBWaQCL6TeDdVlnp2WYz0jw==",
      "license": "MIT",
      "dependencies": {
        "@jitl/quickjs-ffi-types": "0.31.0"
      }
    },
    "node_modules/quickjs-emscripten": {
      "version": "0.31.0",
      "resolved": "https://registry.npmjs.org/quickjs-emscripten/-/quickjs-emscripten-0.31.0.tgz",
      "integrity": "sha512-K7Yt78aRPLjPcqv3fIuLW1jW3pvwO21B9pmFOolsjM/57ZhdVXBr51GqJpalgBlkPu9foAvhEAuuQPnvIGvLvQ==",
      "license": "MIT",
      "dependencies": {
        "@jitl/quickjs-wasmfile-debug-asyncify": "0.31.0",
        "@jitl/quickjs-wasmfile-debug-sync": "0.31.0",
        "@jitl/quickjs-wasmfile-release-asyncify": "0.31.0",
        "@jitl/quickjs-wasmfile-release-sync": "0.31.0",
        "quickjs-emscripten-core": "0.31.0"
      },
      "engines": {
        "node": ">=16.0.0"
      }
    },
    "node_modules/quickjs-emscripten-core": {
      "version": "0.31.0",
      "resolved": "https://registry.npmjs.org/quickjs-emscripten-core/-/quickjs-emscripten-core-0.31.0.tgz",
      "integrity": "sha512-oQz8p0SiKDBc1TC7ZBK2fr0GoSHZKA0jZIeXxsnCyCs4y32FStzCW4d1h6E1sE0uHDMbGITbk2zhNaytaoJwXQ==",
      "license": "MIT",
      "dependencies": {
        "@jitl/quickjs-ffi-types": "0.31.0"
      }
    }
  }
}
